// !$*UTF8*$!
{
	archiveVersion = 1;
	classes = {
	};
	objectVersion = 50;
	objects = {

/* Begin PBXBuildFile section */
		162893FE2325EC0D00EC188F /* AppDelegate.swift in Sources */ = {isa = PBXBuildFile; fileRef = 162893FD2325EC0D00EC188F /* AppDelegate.swift */; };
		162894002325EC0D00EC188F /* ViewController.swift in Sources */ = {isa = PBXBuildFile; fileRef = 162893FF2325EC0D00EC188F /* ViewController.swift */; };
		162894032325EC0D00EC188F /* Main.storyboard in Resources */ = {isa = PBXBuildFile; fileRef = 162894012325EC0D00EC188F /* Main.storyboard */; };
		162894052325EC0E00EC188F /* Assets.xcassets in Resources */ = {isa = PBXBuildFile; fileRef = 162894042325EC0E00EC188F /* Assets.xcassets */; };
		162894082325EC0E00EC188F /* LaunchScreen.storyboard in Resources */ = {isa = PBXBuildFile; fileRef = 162894062325EC0E00EC188F /* LaunchScreen.storyboard */; };
		167F598D23275CD20083FD68 /* Flashcard.swift in Sources */ = {isa = PBXBuildFile; fileRef = 167F598C23275CD20083FD68 /* Flashcard.swift */; };
		16913DFF232758F40080FB26 /* TableViewCell.swift in Sources */ = {isa = PBXBuildFile; fileRef = 16913DFE232758F40080FB26 /* TableViewCell.swift */; };
		C60A5B183D78707B70264611 /* Pods_FlashCardApp.framework in Frameworks */ = {isa = PBXBuildFile; fileRef = 661FFCEF482E64D86A89F3F0 /* Pods_FlashCardApp.framework */; };
/* End PBXBuildFile section */

/* Begin PBXFileReference section */
		162893FA2325EC0D00EC188F /* FlashCardApp.app */ = {isa = PBXFileReference; explicitFileType = wrapper.application; includeInIndex = 0; path = FlashCardApp.app; sourceTree = BUILT_PRODUCTS_DIR; };
		162893FD2325EC0D00EC188F /* AppDelegate.swift */ = {isa = PBXFileReference; lastKnownFileType = sourcecode.swift; path = AppDelegate.swift; sourceTree = "<group>"; };
		162893FF2325EC0D00EC188F /* ViewController.swift */ = {isa = PBXFileReference; lastKnownFileType = sourcecode.swift; path = ViewController.swift; sourceTree = "<group>"; };
		162894022325EC0D00EC188F /* Base */ = {isa = PBXFileReference; lastKnownFileType = file.storyboard; name = Base; path = Base.lproj/Main.storyboard; sourceTree = "<group>"; };
		162894042325EC0E00EC188F /* Assets.xcassets */ = {isa = PBXFileReference; lastKnownFileType = folder.assetcatalog; path = Assets.xcassets; sourceTree = "<group>"; };
		162894072325EC0E00EC188F /* Base */ = {isa = PBXFileReference; lastKnownFileType = file.storyboard; name = Base; path = Base.lproj/LaunchScreen.storyboard; sourceTree = "<group>"; };
		162894092325EC0E00EC188F /* Info.plist */ = {isa = PBXFileReference; lastKnownFileType = text.plist.xml; path = Info.plist; sourceTree = "<group>"; };
		167F598C23275CD20083FD68 /* Flashcard.swift */ = {isa = PBXFileReference; lastKnownFileType = sourcecode.swift; path = Flashcard.swift; sourceTree = "<group>"; };
		16913DFE232758F40080FB26 /* TableViewCell.swift */ = {isa = PBXFileReference; lastKnownFileType = sourcecode.swift; path = TableViewCell.swift; sourceTree = "<group>"; };
		5DF7285E6A8A3A16337AA5C3 /* Pods-FlashCardApp.debug.xcconfig */ = {isa = PBXFileReference; includeInIndex = 1; lastKnownFileType = text.xcconfig; name = "Pods-FlashCardApp.debug.xcconfig"; path = "Target Support Files/Pods-FlashCardApp/Pods-FlashCardApp.debug.xcconfig"; sourceTree = "<group>"; };
		616FB0ACC3BC8102B74F8E19 /* Pods-FlashCardApp.release.xcconfig */ = {isa = PBXFileReference; includeInIndex = 1; lastKnownFileType = text.xcconfig; name = "Pods-FlashCardApp.release.xcconfig"; path = "Target Support Files/Pods-FlashCardApp/Pods-FlashCardApp.release.xcconfig"; sourceTree = "<group>"; };
		661FFCEF482E64D86A89F3F0 /* Pods_FlashCardApp.framework */ = {isa = PBXFileReference; explicitFileType = wrapper.framework; includeInIndex = 0; path = Pods_FlashCardApp.framework; sourceTree = BUILT_PRODUCTS_DIR; };
/* End PBXFileReference section */

/* Begin PBXFrameworksBuildPhase section */
		162893F72325EC0D00EC188F /* Frameworks */ = {
			isa = PBXFrameworksBuildPhase;
			buildActionMask = 2147483647;
			files = (
				C60A5B183D78707B70264611 /* Pods_FlashCardApp.framework in Frameworks */,
			);
			runOnlyForDeploymentPostprocessing = 0;
		};
/* End PBXFrameworksBuildPhase section */

/* Begin PBXGroup section */
		162893F12325EC0D00EC188F = {
			isa = PBXGroup;
			children = (
				162893FC2325EC0D00EC188F /* FlashCardApp */,
				162893FB2325EC0D00EC188F /* Products */,
				5B4E9C69A4BD042F8FD7BDDB /* Pods */,
				70DAFB03D73574BE0E88B1E3 /* Frameworks */,
			);
			sourceTree = "<group>";
		};
		162893FB2325EC0D00EC188F /* Products */ = {
			isa = PBXGroup;
			children = (
				162893FA2325EC0D00EC188F /* FlashCardApp.app */,
			);
			name = Products;
			sourceTree = "<group>";
		};
		162893FC2325EC0D00EC188F /* FlashCardApp */ = {
			isa = PBXGroup;
			children = (
				16913DFE232758F40080FB26 /* TableViewCell.swift */,
				162893FD2325EC0D00EC188F /* AppDelegate.swift */,
				162893FF2325EC0D00EC188F /* ViewController.swift */,
				162894012325EC0D00EC188F /* Main.storyboard */,
				167F598C23275CD20083FD68 /* Flashcard.swift */,
				162894042325EC0E00EC188F /* Assets.xcassets */,
				162894062325EC0E00EC188F /* LaunchScreen.storyboard */,
				162894092325EC0E00EC188F /* Info.plist */,
			);
			path = FlashCardApp;
			sourceTree = "<group>";
		};
		5B4E9C69A4BD042F8FD7BDDB /* Pods */ = {
			isa = PBXGroup;
			children = (
				5DF7285E6A8A3A16337AA5C3 /* Pods-FlashCardApp.debug.xcconfig */,
				616FB0ACC3BC8102B74F8E19 /* Pods-FlashCardApp.release.xcconfig */,
			);
			name = Pods;
			path = Pods;
			sourceTree = "<group>";
		};
		70DAFB03D73574BE0E88B1E3 /* Frameworks */ = {
			isa = PBXGroup;
			children = (
				661FFCEF482E64D86A89F3F0 /* Pods_FlashCardApp.framework */,
			);
			name = Frameworks;
			sourceTree = "<group>";
		};
/* End PBXGroup section */

/* Begin PBXNativeTarget section */
		162893F92325EC0D00EC188F /* FlashCardApp */ = {
			isa = PBXNativeTarget;
			buildConfigurationList = 1628940C2325EC0E00EC188F /* Build configuration list for PBXNativeTarget "FlashCardApp" */;
			buildPhases = (
				496E0517BCEC1C58E6F69810 /* [CP] Check Pods Manifest.lock */,
				162893F62325EC0D00EC188F /* Sources */,
				162893F72325EC0D00EC188F /* Frameworks */,
				162893F82325EC0D00EC188F /* Resources */,
				4CE168DDC351ED6980F61575 /* [CP] Embed Pods Frameworks */,
			);
			buildRules = (
			);
			dependencies = (
			);
			name = FlashCardApp;
			productName = FlashCardApp;
			productReference = 162893FA2325EC0D00EC188F /* FlashCardApp.app */;
			productType = "com.apple.product-type.application";
		};
/* End PBXNativeTarget section */

/* Begin PBXProject section */
		162893F22325EC0D00EC188F /* Project object */ = {
			isa = PBXProject;
			attributes = {
				LastSwiftUpdateCheck = 1020;
				LastUpgradeCheck = 1020;
				ORGANIZATIONNAME = "Ashley Raigosa";
				TargetAttributes = {
					162893F92325EC0D00EC188F = {
						CreatedOnToolsVersion = 10.2.1;
					};
				};
			};
			buildConfigurationList = 162893F52325EC0D00EC188F /* Build configuration list for PBXProject "FlashCardApp" */;
			compatibilityVersion = "Xcode 9.3";
			developmentRegion = en;
			hasScannedForEncodings = 0;
			knownRegions = (
				en,
				Base,
			);
			mainGroup = 162893F12325EC0D00EC188F;
			productRefGroup = 162893FB2325EC0D00EC188F /* Products */;
			projectDirPath = "";
			projectRoot = "";
			targets = (
				162893F92325EC0D00EC188F /* FlashCardApp */,
			);
		};
/* End PBXProject section */

/* Begin PBXResourcesBuildPhase section */
		162893F82325EC0D00EC188F /* Resources */ = {
			isa = PBXResourcesBuildPhase;
			buildActionMask = 2147483647;
			files = (
				162894082325EC0E00EC188F /* LaunchScreen.storyboard in Resources */,
				162894052325EC0E00EC188F /* Assets.xcassets in Resources */,
				162894032325EC0D00EC188F /* Main.storyboard in Resources */,
			);
			runOnlyForDeploymentPostprocessing = 0;
		};
/* End PBXResourcesBuildPhase section */

/* Begin PBXShellScriptBuildPhase section */
		496E0517BCEC1C58E6F69810 /* [CP] Check Pods Manifest.lock */ = {
			isa = PBXShellScriptBuildPhase;
			buildActionMask = 2147483647;
			files = (
			);
			inputFileListPaths = (
			);
			inputPaths = (
				"${PODS_PODFILE_DIR_PATH}/Podfile.lock",
				"${PODS_ROOT}/Manifest.lock",
			);
			name = "[CP] Check Pods Manifest.lock";
			outputFileListPaths = (
			);
			outputPaths = (
				"$(DERIVED_FILE_DIR)/Pods-FlashCardApp-checkManifestLockResult.txt",
			);
			runOnlyForDeploymentPostprocessing = 0;
			shellPath = /bin/sh;
			shellScript = "diff \"${PODS_PODFILE_DIR_PATH}/Podfile.lock\" \"${PODS_ROOT}/Manifest.lock\" > /dev/null\nif [ $? != 0 ] ; then\n    # print error to STDERR\n    echo \"error: The sandbox is not in sync with the Podfile.lock. Run 'pod install' or update your CocoaPods installation.\" >&2\n    exit 1\nfi\n# This output is used by Xcode 'outputs' to avoid re-running this script phase.\necho \"SUCCESS\" > \"${SCRIPT_OUTPUT_FILE_0}\"\n";
			showEnvVarsInLog = 0;
		};
		4CE168DDC351ED6980F61575 /* [CP] Embed Pods Frameworks */ = {
			isa = PBXShellScriptBuildPhase;
			buildActionMask = 2147483647;
			files = (
			);
			inputFileListPaths = (
				"${PODS_ROOT}/Target Support Files/Pods-FlashCardApp/Pods-FlashCardApp-frameworks-${CONFIGURATION}-input-files.xcfilelist",
			);
			name = "[CP] Embed Pods Frameworks";
			outputFileListPaths = (
				"${PODS_ROOT}/Target Support Files/Pods-FlashCardApp/Pods-FlashCardApp-frameworks-${CONFIGURATION}-output-files.xcfilelist",
			);
			runOnlyForDeploymentPostprocessing = 0;
			shellPath = /bin/sh;
			shellScript = "\"${PODS_ROOT}/Target Support Files/Pods-FlashCardApp/Pods-FlashCardApp-frameworks.sh\"\n";
			showEnvVarsInLog = 0;
		};
/* End PBXShellScriptBuildPhase section */

/* Begin PBXSourcesBuildPhase section */
		162893F62325EC0D00EC188F /* Sources */ = {
			isa = PBXSourcesBuildPhase;
			buildActionMask = 2147483647;
			files = (
				16913DFF232758F40080FB26 /* TableViewCell.swift in Sources */,
				162894002325EC0D00EC188F /* ViewController.swift in Sources */,
				167F598D23275CD20083FD68 /* Flashcard.swift in Sources */,
				162893FE2325EC0D00EC188F /* AppDelegate.swift in Sources */,
			);
			runOnlyForDeploymentPostprocessing = 0;
		};
/* End PBXSourcesBuildPhase section */

/* Begin PBXVariantGroup section */
		162894012325EC0D00EC188F /* Main.storyboard */ = {
			isa = PBXVariantGroup;
			children = (
				162894022325EC0D00EC188F /* Base */,
			);
			name = Main.storyboard;
			sourceTree = "<group>";
		};
		162894062325EC0E00EC188F /* LaunchScreen.storyboard */ = {
			isa = PBXVariantGroup;
			children = (
				162894072325EC0E00EC188F /* Base */,
			);
			name = LaunchScreen.storyboard;
			sourceTree = "<group>";
		};
/* End PBXVariantGroup section */

/* Begin XCBuildConfiguration section */
		1628940A2325EC0E00EC188F /* Debug */ = {
			isa = XCBuildConfiguration;
			buildSettings = {
				ALWAYS_SEARCH_USER_PATHS = NO;
				CLANG_ANALYZER_NONNULL = YES;
				CLANG_ANALYZER_NUMBER_OBJECT_CONVERSION = YES_AGGRESSIVE;
				CLANG_CXX_LANGUAGE_STANDARD = "gnu++14";
				CLANG_CXX_LIBRARY = "libc++";
				CLANG_ENABLE_MODULES = YES;
				CLANG_ENABLE_OBJC_ARC = YES;
				CLANG_ENABLE_OBJC_WEAK = YES;
				CLANG_WARN_BLOCK_CAPTURE_AUTORELEASING = YES;
				CLANG_WARN_BOOL_CONVERSION = YES;
				CLANG_WARN_COMMA = YES;
				CLANG_WARN_CONSTANT_CONVERSION = YES;
				CLANG_WARN_DEPRECATED_OBJC_IMPLEMENTATIONS = YES;
				CLANG_WARN_DIRECT_OBJC_ISA_USAGE = YES_ERROR;
				CLANG_WARN_DOCUMENTATION_COMMENTS = YES;
				CLANG_WARN_EMPTY_BODY = YES;
				CLANG_WARN_ENUM_CONVERSION = YES;
				CLANG_WARN_INFINITE_RECURSION = YES;
				CLANG_WARN_INT_CONVERSION = YES;
				CLANG_WARN_NON_LITERAL_NULL_CONVERSION = YES;
				CLANG_WARN_OBJC_IMPLICIT_RETAIN_SELF = YES;
				CLANG_WARN_OBJC_LITERAL_CONVERSION = YES;
				CLANG_WARN_OBJC_ROOT_CLASS = YES_ERROR;
				CLANG_WARN_RANGE_LOOP_ANALYSIS = YES;
				CLANG_WARN_STRICT_PROTOTYPES = YES;
				CLANG_WARN_SUSPICIOUS_MOVE = YES;
				CLANG_WARN_UNGUARDED_AVAILABILITY = YES_AGGRESSIVE;
				CLANG_WARN_UNREACHABLE_CODE = YES;
				CLANG_WARN__DUPLICATE_METHOD_MATCH = YES;
				CODE_SIGN_IDENTITY = "iPhone Developer";
				COPY_PHASE_STRIP = NO;
				DEBUG_INFORMATION_FORMAT = dwarf;
				ENABLE_STRICT_OBJC_MSGSEND = YES;
				ENABLE_TESTABILITY = YES;
				GCC_C_LANGUAGE_STANDARD = gnu11;
				GCC_DYNAMIC_NO_PIC = NO;
				GCC_NO_COMMON_BLOCKS = YES;
				GCC_OPTIMIZATION_LEVEL = 0;
				GCC_PREPROCESSOR_DEFINITIONS = (
					"DEBUG=1",
					"$(inherited)",
				);
				GCC_WARN_64_TO_32_BIT_CONVERSION = YES;
				GCC_WARN_ABOUT_RETURN_TYPE = YES_ERROR;
				GCC_WARN_UNDECLARED_SELECTOR = YES;
				GCC_WARN_UNINITIALIZED_AUTOS = YES_AGGRESSIVE;
				GCC_WARN_UNUSED_FUNCTION = YES;
				GCC_WARN_UNUSED_VARIABLE = YES;
				IPHONEOS_DEPLOYMENT_TARGET = 12.2;
				MTL_ENABLE_DEBUG_INFO = INCLUDE_SOURCE;
				MTL_FAST_MATH = YES;
				ONLY_ACTIVE_ARCH = YES;
				SDKROOT = iphoneos;
				SWIFT_ACTIVE_COMPILATION_CONDITIONS = DEBUG;
				SWIFT_OPTIMIZATION_LEVEL = "-Onone";
			};
			name = Debug;
		};
		1628940B2325EC0E00EC188F /* Release */ = {
			isa = XCBuildConfiguration;
			buildSettings = {
				ALWAYS_SEARCH_USER_PATHS = NO;
				CLANG_ANALYZER_NONNULL = YES;
				CLANG_ANALYZER_NUMBER_OBJECT_CONVERSION = YES_AGGRESSIVE;
				CLANG_CXX_LANGUAGE_STANDARD = "gnu++14";
				CLANG_CXX_LIBRARY = "libc++";
				CLANG_ENABLE_MODULES = YES;
				CLANG_ENABLE_OBJC_ARC = YES;
				CLANG_ENABLE_OBJC_WEAK = YES;
				CLANG_WARN_BLOCK_CAPTURE_AUTORELEASING = YES;
				CLANG_WARN_BOOL_CONVERSION = YES;
				CLANG_WARN_COMMA = YES;
				CLANG_WARN_CONSTANT_CONVERSION = YES;
				CLANG_WARN_DEPRECATED_OBJC_IMPLEMENTATIONS = YES;
				CLANG_WARN_DIRECT_OBJC_ISA_USAGE = YES_ERROR;
				CLANG_WARN_DOCUMENTATION_COMMENTS = YES;
				CLANG_WARN_EMPTY_BODY = YES;
				CLANG_WARN_ENUM_CONVERSION = YES;
				CLANG_WARN_INFINITE_RECURSION = YES;
				CLANG_WARN_INT_CONVERSION = YES;
				CLANG_WARN_NON_LITERAL_NULL_CONVERSION = YES;
				CLANG_WARN_OBJC_IMPLICIT_RETAIN_SELF = YES;
				CLANG_WARN_OBJC_LITERAL_CONVERSION = YES;
				CLANG_WARN_OBJC_ROOT_CLASS = YES_ERROR;
				CLANG_WARN_RANGE_LOOP_ANALYSIS = YES;
				CLANG_WARN_STRICT_PROTOTYPES = YES;
				CLANG_WARN_SUSPICIOUS_MOVE = YES;
				CLANG_WARN_UNGUARDED_AVAILABILITY = YES_AGGRESSIVE;
				CLANG_WARN_UNREACHABLE_CODE = YES;
				CLANG_WARN__DUPLICATE_METHOD_MATCH = YES;
				CODE_SIGN_IDENTITY = "iPhone Developer";
				COPY_PHASE_STRIP = NO;
				DEBUG_INFORMATION_FORMAT = "dwarf-with-dsym";
				ENABLE_NS_ASSERTIONS = NO;
				ENABLE_STRICT_OBJC_MSGSEND = YES;
				GCC_C_LANGUAGE_STANDARD = gnu11;
				GCC_NO_COMMON_BLOCKS = YES;
				GCC_WARN_64_TO_32_BIT_CONVERSION = YES;
				GCC_WARN_ABOUT_RETURN_TYPE = YES_ERROR;
				GCC_WARN_UNDECLARED_SELECTOR = YES;
				GCC_WARN_UNINITIALIZED_AUTOS = YES_AGGRESSIVE;
				GCC_WARN_UNUSED_FUNCTION = YES;
				GCC_WARN_UNUSED_VARIABLE = YES;
				IPHONEOS_DEPLOYMENT_TARGET = 12.2;
				MTL_ENABLE_DEBUG_INFO = NO;
				MTL_FAST_MATH = YES;
				SDKROOT = iphoneos;
				SWIFT_COMPILATION_MODE = wholemodule;
				SWIFT_OPTIMIZATION_LEVEL = "-O";
				VALIDATE_PRODUCT = YES;
			};
			name = Release;
		};
		1628940D2325EC0E00EC188F /* Debug */ = {
			isa = XCBuildConfiguration;
			baseConfigurationReference = 5DF7285E6A8A3A16337AA5C3 /* Pods-FlashCardApp.debug.xcconfig */;
			buildSettings = {
				ASSETCATALOG_COMPILER_APPICON_NAME = AppIcon;
				CODE_SIGN_STYLE = Automatic;
				DEVELOPMENT_TEAM = 3ZVXV95L56;
				INFOPLIST_FILE = FlashCardApp/Info.plist;
				LD_RUNPATH_SEARCH_PATHS = (
					"$(inherited)",
					"@executable_path/Frameworks",
				);
				PRODUCT_BUNDLE_IDENTIFIER = com.AshleyRaigosa.FlashCardApp;
				PRODUCT_NAME = "$(TARGET_NAME)";
				SWIFT_VERSION = 5.0;
				TARGETED_DEVICE_FAMILY = "1,2";
			};
			name = Debug;
		};
		1628940E2325EC0E00EC188F /* Release */ = {
			isa = XCBuildConfiguration;
			baseConfigurationReference = 616FB0ACC3BC8102B74F8E19 /* Pods-FlashCardApp.release.xcconfig */;
			buildSettings = {
				ASSETCATALOG_COMPILER_APPICON_NAME = AppIcon;
				CODE_SIGN_STYLE = Automatic;
				DEVELOPMENT_TEAM = 3ZVXV95L56;
				INFOPLIST_FILE = FlashCardApp/Info.plist;
				LD_RUNPATH_SEARCH_PATHS = (
					"$(inherited)",
					"@executable_path/Frameworks",
				);
				PRODUCT_BUNDLE_IDENTIFIER = com.AshleyRaigosa.FlashCardApp;
				PRODUCT_NAME = "$(TARGET_NAME)";
				SWIFT_VERSION = 5.0;
				TARGETED_DEVICE_FAMILY = "1,2";
			};
			name = Release;
		};
/* End XCBuildConfiguration section */

/* Begin XCConfigurationList section */
		162893F52325EC0D00EC188F /* Build configuration list for PBXProject "FlashCardApp" */ = {
			isa = XCConfigurationList;
			buildConfigurations = (
				1628940A2325EC0E00EC188F /* Debug */,
				1628940B2325EC0E00EC188F /* Release */,
			);
			defaultConfigurationIsVisible = 0;
			defaultConfigurationName = Release;
		};
		1628940C2325EC0E00EC188F /* Build configuration list for PBXNativeTarget "FlashCardApp" */ = {
			isa = XCConfigurationList;
			buildConfigurations = (
				1628940D2325EC0E00EC188F /* Debug */,
				1628940E2325EC0E00EC188F /* Release */,
			);
			defaultConfigurationIsVisible = 0;
			defaultConfigurationName = Release;
		};
/* End XCConfigurationList section */
	};
	rootObject = 162893F22325EC0D00EC188F /* Project object */;
}
